github.com/go-logr/logr v1.4.2 h1:6pFjapn8bFcIbiKo3XT4j/BhANplGihG6tvd+8rYgrY=
github.com/go-logr/logr v1.4.2/go.mod h1:9T104GzyrTigFIr8wt5mBrctHMim0Nb2HLGrmQ40KvY=
github.com/open-feature/go-sdk v1.14.1 h1:jcxjCIG5Up3XkgYwWN5Y/WWfc6XobOhqrIwjyDBsoQo=
github.com/open-feature/go-sdk v1.14.1/go.mod h1:t337k0VB/t/YxJ9S0prT30ISUHwYmUd/jhUZgFcOvGg=
golang.org/x/exp v0.0.0-20240506185415-9bf2ced13842 h1:vr/HnozRka3pE4EsMEg1lgkXJkTFJCVUX+S/ZT6wYzM=
golang.org/x/exp v0.0.0-20240506185415-9bf2ced13842/go.mod h1:XtvwrStGgqGPLc4cjQfWqZHG1YFdYs6swckp8vpsjnc=
